// !$*UTF8*$!
{
	archiveVersion = 1;
	classes = {
	};
	objectVersion = 50;
	objects = {

/* Begin PBXBuildFile section */
		1842FA0224C0F093001C79AA /* DayModel.swift in Sources */ = {isa = PBXBuildFile; fileRef = 1842FA0124C0F093001C79AA /* DayModel.swift */; };
		1842FA0524C0F287001C79AA /* ActivityModel.swift in Sources */ = {isa = PBXBuildFile; fileRef = 1842FA0424C0F287001C79AA /* ActivityModel.swift */; };
		1842FA0724C0F3C0001C79AA /* ActivityTypeEnum.swift in Sources */ = {isa = PBXBuildFile; fileRef = 1842FA0624C0F3C0001C79AA /* ActivityTypeEnum.swift */; };
		1842FA0924C0F4CD001C79AA /* MockData.swift in Sources */ = {isa = PBXBuildFile; fileRef = 1842FA0824C0F4CD001C79AA /* MockData.swift */; };
		1842FA0C24C0FE88001C79AA /* ActivitiesViewController.swift in Sources */ = {isa = PBXBuildFile; fileRef = 1842FA0B24C0FE88001C79AA /* ActivitiesViewController.swift */; };
		1842FA0E24C0FF23001C79AA /* ActivitiesViewController.storyboard in Resources */ = {isa = PBXBuildFile; fileRef = 1842FA0D24C0FF23001C79AA /* ActivitiesViewController.storyboard */; };
		1842FA1024C77362001C79AA /* HeaderTableViewCell.swift in Sources */ = {isa = PBXBuildFile; fileRef = 1842FA0F24C77362001C79AA /* HeaderTableViewCell.swift */; };
		1842FA1224C78575001C79AA /* ActivityTableViewCell.swift in Sources */ = {isa = PBXBuildFile; fileRef = 1842FA1124C78575001C79AA /* ActivityTableViewCell.swift */; };
		189DEDB1244DF68D00791165 /* AppDelegate.swift in Sources */ = {isa = PBXBuildFile; fileRef = 189DEDB0244DF68D00791165 /* AppDelegate.swift */; };
		189DEDB3244DF68D00791165 /* SceneDelegate.swift in Sources */ = {isa = PBXBuildFile; fileRef = 189DEDB2244DF68D00791165 /* SceneDelegate.swift */; };
		189DEDBA244DF6B800791165 /* Assets.xcassets in Resources */ = {isa = PBXBuildFile; fileRef = 189DEDB9244DF6B800791165 /* Assets.xcassets */; };
		189DEDBD244DF6B800791165 /* LaunchScreen.storyboard in Resources */ = {isa = PBXBuildFile; fileRef = 189DEDBB244DF6B800791165 /* LaunchScreen.storyboard */; };
		189DEDC7244E3D4800791165 /* TripModel.swift in Sources */ = {isa = PBXBuildFile; fileRef = 189DEDC6244E3D4800791165 /* TripModel.swift */; };
		189DEDC9244E3D5F00791165 /* TripFunctions.swift in Sources */ = {isa = PBXBuildFile; fileRef = 189DEDC8244E3D5F00791165 /* TripFunctions.swift */; };
		189DEDCB244E42C600791165 /* Data.swift in Sources */ = {isa = PBXBuildFile; fileRef = 189DEDCA244E42C600791165 /* Data.swift */; };
		189DEDCF244F378800791165 /* TripsViewController.swift in Sources */ = {isa = PBXBuildFile; fileRef = 189DEDCE244F378800791165 /* TripsViewController.swift */; };
		189DEDD1244F37AF00791165 /* TripsViewController.storyboard in Resources */ = {isa = PBXBuildFile; fileRef = 189DEDD0244F37AF00791165 /* TripsViewController.storyboard */; };
		189DEDD3244F4DE800791165 /* TripsTableViewCell.swift in Sources */ = {isa = PBXBuildFile; fileRef = 189DEDD2244F4DE800791165 /* TripsTableViewCell.swift */; };
		189DEDD6244F568300791165 /* UIViewExtensions.swift in Sources */ = {isa = PBXBuildFile; fileRef = 189DEDD5244F568300791165 /* UIViewExtensions.swift */; };
		189DEDD9244F5F6100791165 /* Theme.swift in Sources */ = {isa = PBXBuildFile; fileRef = 189DEDD8244F5F6100791165 /* Theme.swift */; };
		189DEDDB244F606000791165 /* FugazOne-Regular.ttf in Resources */ = {isa = PBXBuildFile; fileRef = 189DEDDA244F606000791165 /* FugazOne-Regular.ttf */; };
		189DEDDD244F61EF00791165 /* Colors.xcassets in Resources */ = {isa = PBXBuildFile; fileRef = 189DEDDC244F61EF00791165 /* Colors.xcassets */; };
		189DEDDF244F785100791165 /* UIButtonExtension.swift in Sources */ = {isa = PBXBuildFile; fileRef = 189DEDDE244F785100791165 /* UIButtonExtension.swift */; };
		189DEDE1244F874500791165 /* AddTripViewController.storyboard in Resources */ = {isa = PBXBuildFile; fileRef = 189DEDE0244F874500791165 /* AddTripViewController.storyboard */; };
		189DEDE4244F87C100791165 /* AddTripViewController.swift in Sources */ = {isa = PBXBuildFile; fileRef = 189DEDE3244F87C100791165 /* AddTripViewController.swift */; };
		189DEDE7244F8E3700791165 /* PopupUIView.swift in Sources */ = {isa = PBXBuildFile; fileRef = 189DEDE6244F8E3700791165 /* PopupUIView.swift */; };
		189DEDE9244F92BE00791165 /* AppUIButton.swift in Sources */ = {isa = PBXBuildFile; fileRef = 189DEDE8244F92BE00791165 /* AppUIButton.swift */; };
/* End PBXBuildFile section */

/* Begin PBXFileReference section */
		1842FA0124C0F093001C79AA /* DayModel.swift */ = {isa = PBXFileReference; lastKnownFileType = sourcecode.swift; path = DayModel.swift; sourceTree = "<group>"; };
		1842FA0424C0F287001C79AA /* ActivityModel.swift */ = {isa = PBXFileReference; lastKnownFileType = sourcecode.swift; path = ActivityModel.swift; sourceTree = "<group>"; };
		1842FA0624C0F3C0001C79AA /* ActivityTypeEnum.swift */ = {isa = PBXFileReference; lastKnownFileType = sourcecode.swift; path = ActivityTypeEnum.swift; sourceTree = "<group>"; };
		1842FA0824C0F4CD001C79AA /* MockData.swift */ = {isa = PBXFileReference; lastKnownFileType = sourcecode.swift; path = MockData.swift; sourceTree = "<group>"; };
		1842FA0B24C0FE88001C79AA /* ActivitiesViewController.swift */ = {isa = PBXFileReference; lastKnownFileType = sourcecode.swift; path = ActivitiesViewController.swift; sourceTree = "<group>"; };
		1842FA0D24C0FF23001C79AA /* ActivitiesViewController.storyboard */ = {isa = PBXFileReference; lastKnownFileType = file.storyboard; path = ActivitiesViewController.storyboard; sourceTree = "<group>"; };
		1842FA0F24C77362001C79AA /* HeaderTableViewCell.swift */ = {isa = PBXFileReference; lastKnownFileType = sourcecode.swift; path = HeaderTableViewCell.swift; sourceTree = "<group>"; };
		1842FA1124C78575001C79AA /* ActivityTableViewCell.swift */ = {isa = PBXFileReference; lastKnownFileType = sourcecode.swift; path = ActivityTableViewCell.swift; sourceTree = "<group>"; };
		189DEDAD244DF68D00791165 /* Itinerary_App.app */ = {isa = PBXFileReference; explicitFileType = wrapper.application; includeInIndex = 0; path = Itinerary_App.app; sourceTree = BUILT_PRODUCTS_DIR; };
		189DEDB0244DF68D00791165 /* AppDelegate.swift */ = {isa = PBXFileReference; lastKnownFileType = sourcecode.swift; path = AppDelegate.swift; sourceTree = "<group>"; };
		189DEDB2244DF68D00791165 /* SceneDelegate.swift */ = {isa = PBXFileReference; lastKnownFileType = sourcecode.swift; path = SceneDelegate.swift; sourceTree = "<group>"; };
		189DEDB9244DF6B800791165 /* Assets.xcassets */ = {isa = PBXFileReference; lastKnownFileType = folder.assetcatalog; path = Assets.xcassets; sourceTree = "<group>"; };
		189DEDBC244DF6B800791165 /* Base */ = {isa = PBXFileReference; lastKnownFileType = file.storyboard; name = Base; path = Base.lproj/LaunchScreen.storyboard; sourceTree = "<group>"; };
		189DEDBE244DF6B800791165 /* Info.plist */ = {isa = PBXFileReference; lastKnownFileType = text.plist.xml; path = Info.plist; sourceTree = "<group>"; };
		189DEDC6244E3D4800791165 /* TripModel.swift */ = {isa = PBXFileReference; lastKnownFileType = sourcecode.swift; path = TripModel.swift; sourceTree = "<group>"; };
		189DEDC8244E3D5F00791165 /* TripFunctions.swift */ = {isa = PBXFileReference; lastKnownFileType = sourcecode.swift; path = TripFunctions.swift; sourceTree = "<group>"; };
		189DEDCA244E42C600791165 /* Data.swift */ = {isa = PBXFileReference; lastKnownFileType = sourcecode.swift; path = Data.swift; sourceTree = "<group>"; };
		189DEDCE244F378800791165 /* TripsViewController.swift */ = {isa = PBXFileReference; lastKnownFileType = sourcecode.swift; path = TripsViewController.swift; sourceTree = "<group>"; };
		189DEDD0244F37AF00791165 /* TripsViewController.storyboard */ = {isa = PBXFileReference; lastKnownFileType = file.storyboard; path = TripsViewController.storyboard; sourceTree = "<group>"; };
		189DEDD2244F4DE800791165 /* TripsTableViewCell.swift */ = {isa = PBXFileReference; lastKnownFileType = sourcecode.swift; path = TripsTableViewCell.swift; sourceTree = "<group>"; };
		189DEDD5244F568300791165 /* UIViewExtensions.swift */ = {isa = PBXFileReference; lastKnownFileType = sourcecode.swift; path = UIViewExtensions.swift; sourceTree = "<group>"; };
		189DEDD8244F5F6100791165 /* Theme.swift */ = {isa = PBXFileReference; lastKnownFileType = sourcecode.swift; path = Theme.swift; sourceTree = "<group>"; };
		189DEDDA244F606000791165 /* FugazOne-Regular.ttf */ = {isa = PBXFileReference; lastKnownFileType = file; path = "FugazOne-Regular.ttf"; sourceTree = "<group>"; };
		189DEDDC244F61EF00791165 /* Colors.xcassets */ = {isa = PBXFileReference; lastKnownFileType = folder.assetcatalog; path = Colors.xcassets; sourceTree = "<group>"; };
		189DEDDE244F785100791165 /* UIButtonExtension.swift */ = {isa = PBXFileReference; lastKnownFileType = sourcecode.swift; path = UIButtonExtension.swift; sourceTree = "<group>"; };
		189DEDE0244F874500791165 /* AddTripViewController.storyboard */ = {isa = PBXFileReference; fileEncoding = 4; lastKnownFileType = file.storyboard; path = AddTripViewController.storyboard; sourceTree = "<group>"; };
		189DEDE3244F87C100791165 /* AddTripViewController.swift */ = {isa = PBXFileReference; lastKnownFileType = sourcecode.swift; path = AddTripViewController.swift; sourceTree = "<group>"; };
		189DEDE6244F8E3700791165 /* PopupUIView.swift */ = {isa = PBXFileReference; lastKnownFileType = sourcecode.swift; path = PopupUIView.swift; sourceTree = "<group>"; };
		189DEDE8244F92BE00791165 /* AppUIButton.swift */ = {isa = PBXFileReference; lastKnownFileType = sourcecode.swift; path = AppUIButton.swift; sourceTree = "<group>"; };
/* End PBXFileReference section */

/* Begin PBXFrameworksBuildPhase section */
		189DEDAA244DF68D00791165 /* Frameworks */ = {
			isa = PBXFrameworksBuildPhase;
			buildActionMask = 2147483647;
			files = (
			);
			runOnlyForDeploymentPostprocessing = 0;
		};
/* End PBXFrameworksBuildPhase section */

/* Begin PBXGroup section */
		1842FA0024C0F05A001C79AA /* Day */ = {
			isa = PBXGroup;
			children = (
				1842FA0124C0F093001C79AA /* DayModel.swift */,
			);
			path = Day;
			sourceTree = "<group>";
		};
		1842FA0324C0F269001C79AA /* Activity */ = {
			isa = PBXGroup;
			children = (
				1842FA0424C0F287001C79AA /* ActivityModel.swift */,
				1842FA0624C0F3C0001C79AA /* ActivityTypeEnum.swift */,
			);
			path = Activity;
			sourceTree = "<group>";
		};
		1842FA0A24C0FD5E001C79AA /* ActivitiesViewController */ = {
			isa = PBXGroup;
			children = (
				1842FA0B24C0FE88001C79AA /* ActivitiesViewController.swift */,
				1842FA0D24C0FF23001C79AA /* ActivitiesViewController.storyboard */,
				1842FA0F24C77362001C79AA /* HeaderTableViewCell.swift */,
				1842FA1124C78575001C79AA /* ActivityTableViewCell.swift */,
			);
			path = ActivitiesViewController;
			sourceTree = "<group>";
		};
		189DEDA4244DF68C00791165 = {
			isa = PBXGroup;
			children = (
				189DEDAF244DF68D00791165 /* Itinerary_App */,
				189DEDAE244DF68D00791165 /* Products */,
			);
			sourceTree = "<group>";
		};
		189DEDAE244DF68D00791165 /* Products */ = {
			isa = PBXGroup;
			children = (
				189DEDAD244DF68D00791165 /* Itinerary_App.app */,
			);
			name = Products;
			sourceTree = "<group>";
		};
		189DEDAF244DF68D00791165 /* Itinerary_App */ = {
			isa = PBXGroup;
			children = (
				189DEDD7244F5F4400791165 /* Resources */,
				189DEDCC244F372900791165 /* Views */,
				189DEDC4244E3D0100791165 /* Model */,
				189DEDB0244DF68D00791165 /* AppDelegate.swift */,
				189DEDB2244DF68D00791165 /* SceneDelegate.swift */,
				189DEDB9244DF6B800791165 /* Assets.xcassets */,
				189DEDBB244DF6B800791165 /* LaunchScreen.storyboard */,
				189DEDBE244DF6B800791165 /* Info.plist */,
			);
			path = Itinerary_App;
			sourceTree = "<group>";
		};
		189DEDC4244E3D0100791165 /* Model */ = {
			isa = PBXGroup;
			children = (
				189DEDCA244E42C600791165 /* Data.swift */,
				1842FA0824C0F4CD001C79AA /* MockData.swift */,
				189DEDC5244E3D0E00791165 /* Trip */,
				1842FA0024C0F05A001C79AA /* Day */,
				1842FA0324C0F269001C79AA /* Activity */,
			);
			path = Model;
			sourceTree = "<group>";
		};
		189DEDC5244E3D0E00791165 /* Trip */ = {
			isa = PBXGroup;
			children = (
				189DEDC6244E3D4800791165 /* TripModel.swift */,
				189DEDC8244E3D5F00791165 /* TripFunctions.swift */,
			);
			path = Trip;
			sourceTree = "<group>";
		};
		189DEDCC244F372900791165 /* Views */ = {
			isa = PBXGroup;
			children = (
				1842FA0A24C0FD5E001C79AA /* ActivitiesViewController */,
				189DEDE2244F876000791165 /* AddTripViewController */,
				189DEDCD244F373900791165 /* TripsViewController */,
			);
			path = Views;
			sourceTree = "<group>";
		};
		189DEDCD244F373900791165 /* TripsViewController */ = {
			isa = PBXGroup;
			children = (
				189DEDD0244F37AF00791165 /* TripsViewController.storyboard */,
				189DEDCE244F378800791165 /* TripsViewController.swift */,
				189DEDD2244F4DE800791165 /* TripsTableViewCell.swift */,
			);
			path = TripsViewController;
			sourceTree = "<group>";
		};
		189DEDD4244F560D00791165 /* Extensions */ = {
			isa = PBXGroup;
			children = (
				189DEDD5244F568300791165 /* UIViewExtensions.swift */,
				189DEDDE244F785100791165 /* UIButtonExtension.swift */,
			);
			path = Extensions;
			sourceTree = "<group>";
		};
		189DEDD7244F5F4400791165 /* Resources */ = {
			isa = PBXGroup;
			children = (
				189DEDE5244F8E1200791165 /* CustomControls */,
				189DEDD4244F560D00791165 /* Extensions */,
				189DEDDA244F606000791165 /* FugazOne-Regular.ttf */,
				189DEDD8244F5F6100791165 /* Theme.swift */,
				189DEDDC244F61EF00791165 /* Colors.xcassets */,
			);
			path = Resources;
			sourceTree = "<group>";
		};
		189DEDE2244F876000791165 /* AddTripViewController */ = {
			isa = PBXGroup;
			children = (
				189DEDE0244F874500791165 /* AddTripViewController.storyboard */,
				189DEDE3244F87C100791165 /* AddTripViewController.swift */,
			);
			path = AddTripViewController;
			sourceTree = "<group>";
		};
		189DEDE5244F8E1200791165 /* CustomControls */ = {
			isa = PBXGroup;
			children = (
				189DEDE6244F8E3700791165 /* PopupUIView.swift */,
				189DEDE8244F92BE00791165 /* AppUIButton.swift */,
			);
			path = CustomControls;
			sourceTree = "<group>";
		};
/* End PBXGroup section */

/* Begin PBXNativeTarget section */
		189DEDAC244DF68D00791165 /* Itinerary_App */ = {
			isa = PBXNativeTarget;
			buildConfigurationList = 189DEDC1244DF6B800791165 /* Build configuration list for PBXNativeTarget "Itinerary_App" */;
			buildPhases = (
				189DEDA9244DF68D00791165 /* Sources */,
				189DEDAA244DF68D00791165 /* Frameworks */,
				189DEDAB244DF68D00791165 /* Resources */,
			);
			buildRules = (
			);
			dependencies = (
			);
			name = Itinerary_App;
			productName = Itinerary_App;
			productReference = 189DEDAD244DF68D00791165 /* Itinerary_App.app */;
			productType = "com.apple.product-type.application";
		};
/* End PBXNativeTarget section */

/* Begin PBXProject section */
		189DEDA5244DF68C00791165 /* Project object */ = {
			isa = PBXProject;
			attributes = {
				LastSwiftUpdateCheck = 1140;
				LastUpgradeCheck = 1140;
				ORGANIZATIONNAME = "Qadriyyah Thomas";
				TargetAttributes = {
					189DEDAC244DF68D00791165 = {
						CreatedOnToolsVersion = 11.4.1;
					};
				};
			};
			buildConfigurationList = 189DEDA8244DF68C00791165 /* Build configuration list for PBXProject "Itinerary_App" */;
			compatibilityVersion = "Xcode 9.3";
			developmentRegion = en;
			hasScannedForEncodings = 0;
			knownRegions = (
				en,
				Base,
			);
			mainGroup = 189DEDA4244DF68C00791165;
			productRefGroup = 189DEDAE244DF68D00791165 /* Products */;
			projectDirPath = "";
			projectRoot = "";
			targets = (
				189DEDAC244DF68D00791165 /* Itinerary_App */,
			);
		};
/* End PBXProject section */

/* Begin PBXResourcesBuildPhase section */
		189DEDAB244DF68D00791165 /* Resources */ = {
			isa = PBXResourcesBuildPhase;
			buildActionMask = 2147483647;
			files = (
				189DEDE1244F874500791165 /* AddTripViewController.storyboard in Resources */,
				189DEDDD244F61EF00791165 /* Colors.xcassets in Resources */,
				189DEDBD244DF6B800791165 /* LaunchScreen.storyboard in Resources */,
				1842FA0E24C0FF23001C79AA /* ActivitiesViewController.storyboard in Resources */,
				189DEDD1244F37AF00791165 /* TripsViewController.storyboard in Resources */,
				189DEDDB244F606000791165 /* FugazOne-Regular.ttf in Resources */,
				189DEDBA244DF6B800791165 /* Assets.xcassets in Resources */,
			);
			runOnlyForDeploymentPostprocessing = 0;
		};
/* End PBXResourcesBuildPhase section */

/* Begin PBXSourcesBuildPhase section */
		189DEDA9244DF68D00791165 /* Sources */ = {
			isa = PBXSourcesBuildPhase;
			buildActionMask = 2147483647;
			files = (
				189DEDD9244F5F6100791165 /* Theme.swift in Sources */,
				189DEDDF244F785100791165 /* UIButtonExtension.swift in Sources */,
				1842FA1224C78575001C79AA /* ActivityTableViewCell.swift in Sources */,
				1842FA1024C77362001C79AA /* HeaderTableViewCell.swift in Sources */,
				1842FA0224C0F093001C79AA /* DayModel.swift in Sources */,
				1842FA0924C0F4CD001C79AA /* MockData.swift in Sources */,
				189DEDB1244DF68D00791165 /* AppDelegate.swift in Sources */,
				189DEDCB244E42C600791165 /* Data.swift in Sources */,
				1842FA0724C0F3C0001C79AA /* ActivityTypeEnum.swift in Sources */,
				1842FA0524C0F287001C79AA /* ActivityModel.swift in Sources */,
				189DEDD6244F568300791165 /* UIViewExtensions.swift in Sources */,
				189DEDE7244F8E3700791165 /* PopupUIView.swift in Sources */,
				189DEDE9244F92BE00791165 /* AppUIButton.swift in Sources */,
				189DEDB3244DF68D00791165 /* SceneDelegate.swift in Sources */,
				189DEDCF244F378800791165 /* TripsViewController.swift in Sources */,
				1842FA0C24C0FE88001C79AA /* ActivitiesViewController.swift in Sources */,
				189DEDE4244F87C100791165 /* AddTripViewController.swift in Sources */,
				189DEDC9244E3D5F00791165 /* TripFunctions.swift in Sources */,
				189DEDD3244F4DE800791165 /* TripsTableViewCell.swift in Sources */,
				189DEDC7244E3D4800791165 /* TripModel.swift in Sources */,
			);
			runOnlyForDeploymentPostprocessing = 0;
		};
/* End PBXSourcesBuildPhase section */

/* Begin PBXVariantGroup section */
		189DEDBB244DF6B800791165 /* LaunchScreen.storyboard */ = {
			isa = PBXVariantGroup;
			children = (
				189DEDBC244DF6B800791165 /* Base */,
			);
			name = LaunchScreen.storyboard;
			sourceTree = "<group>";
		};
/* End PBXVariantGroup section */

/* Begin XCBuildConfiguration section */
		189DEDBF244DF6B800791165 /* Debug */ = {
			isa = XCBuildConfiguration;
			buildSettings = {
				ALWAYS_SEARCH_USER_PATHS = NO;
				CLANG_ANALYZER_NONNULL = YES;
				CLANG_ANALYZER_NUMBER_OBJECT_CONVERSION = YES_AGGRESSIVE;
				CLANG_CXX_LANGUAGE_STANDARD = "gnu++14";
				CLANG_CXX_LIBRARY = "libc++";
				CLANG_ENABLE_MODULES = YES;
				CLANG_ENABLE_OBJC_ARC = YES;
				CLANG_ENABLE_OBJC_WEAK = YES;
				CLANG_WARN_BLOCK_CAPTURE_AUTORELEASING = YES;
				CLANG_WARN_BOOL_CONVERSION = YES;
				CLANG_WARN_COMMA = YES;
				CLANG_WARN_CONSTANT_CONVERSION = YES;
				CLANG_WARN_DEPRECATED_OBJC_IMPLEMENTATIONS = YES;
				CLANG_WARN_DIRECT_OBJC_ISA_USAGE = YES_ERROR;
				CLANG_WARN_DOCUMENTATION_COMMENTS = YES;
				CLANG_WARN_EMPTY_BODY = YES;
				CLANG_WARN_ENUM_CONVERSION = YES;
				CLANG_WARN_INFINITE_RECURSION = YES;
				CLANG_WARN_INT_CONVERSION = YES;
				CLANG_WARN_NON_LITERAL_NULL_CONVERSION = YES;
				CLANG_WARN_OBJC_IMPLICIT_RETAIN_SELF = YES;
				CLANG_WARN_OBJC_LITERAL_CONVERSION = YES;
				CLANG_WARN_OBJC_ROOT_CLASS = YES_ERROR;
				CLANG_WARN_RANGE_LOOP_ANALYSIS = YES;
				CLANG_WARN_STRICT_PROTOTYPES = YES;
				CLANG_WARN_SUSPICIOUS_MOVE = YES;
				CLANG_WARN_UNGUARDED_AVAILABILITY = YES_AGGRESSIVE;
				CLANG_WARN_UNREACHABLE_CODE = YES;
				CLANG_WARN__DUPLICATE_METHOD_MATCH = YES;
				COPY_PHASE_STRIP = NO;
				DEBUG_INFORMATION_FORMAT = dwarf;
				ENABLE_STRICT_OBJC_MSGSEND = YES;
				ENABLE_TESTABILITY = YES;
				GCC_C_LANGUAGE_STANDARD = gnu11;
				GCC_DYNAMIC_NO_PIC = NO;
				GCC_NO_COMMON_BLOCKS = YES;
				GCC_OPTIMIZATION_LEVEL = 0;
				GCC_PREPROCESSOR_DEFINITIONS = (
					"DEBUG=1",
					"$(inherited)",
				);
				GCC_WARN_64_TO_32_BIT_CONVERSION = YES;
				GCC_WARN_ABOUT_RETURN_TYPE = YES_ERROR;
				GCC_WARN_UNDECLARED_SELECTOR = YES;
				GCC_WARN_UNINITIALIZED_AUTOS = YES_AGGRESSIVE;
				GCC_WARN_UNUSED_FUNCTION = YES;
				GCC_WARN_UNUSED_VARIABLE = YES;
				IPHONEOS_DEPLOYMENT_TARGET = 13.4;
				MTL_ENABLE_DEBUG_INFO = INCLUDE_SOURCE;
				MTL_FAST_MATH = YES;
				ONLY_ACTIVE_ARCH = YES;
				SDKROOT = iphoneos;
				SWIFT_ACTIVE_COMPILATION_CONDITIONS = DEBUG;
				SWIFT_OPTIMIZATION_LEVEL = "-Onone";
			};
			name = Debug;
		};
		189DEDC0244DF6B800791165 /* Release */ = {
			isa = XCBuildConfiguration;
			buildSettings = {
				ALWAYS_SEARCH_USER_PATHS = NO;
				CLANG_ANALYZER_NONNULL = YES;
				CLANG_ANALYZER_NUMBER_OBJECT_CONVERSION = YES_AGGRESSIVE;
				CLANG_CXX_LANGUAGE_STANDARD = "gnu++14";
				CLANG_CXX_LIBRARY = "libc++";
				CLANG_ENABLE_MODULES = YES;
				CLANG_ENABLE_OBJC_ARC = YES;
				CLANG_ENABLE_OBJC_WEAK = YES;
				CLANG_WARN_BLOCK_CAPTURE_AUTORELEASING = YES;
				CLANG_WARN_BOOL_CONVERSION = YES;
				CLANG_WARN_COMMA = YES;
				CLANG_WARN_CONSTANT_CONVERSION = YES;
				CLANG_WARN_DEPRECATED_OBJC_IMPLEMENTATIONS = YES;
				CLANG_WARN_DIRECT_OBJC_ISA_USAGE = YES_ERROR;
				CLANG_WARN_DOCUMENTATION_COMMENTS = YES;
				CLANG_WARN_EMPTY_BODY = YES;
				CLANG_WARN_ENUM_CONVERSION = YES;
				CLANG_WARN_INFINITE_RECURSION = YES;
				CLANG_WARN_INT_CONVERSION = YES;
				CLANG_WARN_NON_LITERAL_NULL_CONVERSION = YES;
				CLANG_WARN_OBJC_IMPLICIT_RETAIN_SELF = YES;
				CLANG_WARN_OBJC_LITERAL_CONVERSION = YES;
				CLANG_WARN_OBJC_ROOT_CLASS = YES_ERROR;
				CLANG_WARN_RANGE_LOOP_ANALYSIS = YES;
				CLANG_WARN_STRICT_PROTOTYPES = YES;
				CLANG_WARN_SUSPICIOUS_MOVE = YES;
				CLANG_WARN_UNGUARDED_AVAILABILITY = YES_AGGRESSIVE;
				CLANG_WARN_UNREACHABLE_CODE = YES;
				CLANG_WARN__DUPLICATE_METHOD_MATCH = YES;
				COPY_PHASE_STRIP = NO;
				DEBUG_INFORMATION_FORMAT = "dwarf-with-dsym";
				ENABLE_NS_ASSERTIONS = NO;
				ENABLE_STRICT_OBJC_MSGSEND = YES;
				GCC_C_LANGUAGE_STANDARD = gnu11;
				GCC_NO_COMMON_BLOCKS = YES;
				GCC_WARN_64_TO_32_BIT_CONVERSION = YES;
				GCC_WARN_ABOUT_RETURN_TYPE = YES_ERROR;
				GCC_WARN_UNDECLARED_SELECTOR = YES;
				GCC_WARN_UNINITIALIZED_AUTOS = YES_AGGRESSIVE;
				GCC_WARN_UNUSED_FUNCTION = YES;
				GCC_WARN_UNUSED_VARIABLE = YES;
				IPHONEOS_DEPLOYMENT_TARGET = 13.4;
				MTL_ENABLE_DEBUG_INFO = NO;
				MTL_FAST_MATH = YES;
				SDKROOT = iphoneos;
				SWIFT_COMPILATION_MODE = wholemodule;
				SWIFT_OPTIMIZATION_LEVEL = "-O";
				VALIDATE_PRODUCT = YES;
			};
			name = Release;
		};
		189DEDC2244DF6B800791165 /* Debug */ = {
			isa = XCBuildConfiguration;
			buildSettings = {
				ASSETCATALOG_COMPILER_APPICON_NAME = AppIcon;
				CODE_SIGN_STYLE = Automatic;
				DEVELOPMENT_TEAM = N4RBX9TSJP;
				INFOPLIST_FILE = Itinerary_App/Info.plist;
				LD_RUNPATH_SEARCH_PATHS = (
					"$(inherited)",
					"@executable_path/Frameworks",
				);
				PRODUCT_BUNDLE_IDENTIFIER = "com.QThomas.Itinerary-App";
				PRODUCT_NAME = "$(TARGET_NAME)";
				SWIFT_VERSION = 5.0;
				TARGETED_DEVICE_FAMILY = "1,2";
			};
			name = Debug;
		};
		189DEDC3244DF6B800791165 /* Release */ = {
			isa = XCBuildConfiguration;
			buildSettings = {
				ASSETCATALOG_COMPILER_APPICON_NAME = AppIcon;
				CODE_SIGN_STYLE = Automatic;
				DEVELOPMENT_TEAM = N4RBX9TSJP;
				INFOPLIST_FILE = Itinerary_App/Info.plist;
				LD_RUNPATH_SEARCH_PATHS = (
					"$(inherited)",
					"@executable_path/Frameworks",
				);
				PRODUCT_BUNDLE_IDENTIFIER = "com.QThomas.Itinerary-App";
				PRODUCT_NAME = "$(TARGET_NAME)";
				SWIFT_VERSION = 5.0;
				TARGETED_DEVICE_FAMILY = "1,2";
			};
			name = Release;
		};
/* End XCBuildConfiguration section */

/* Begin XCConfigurationList section */
		189DEDA8244DF68C00791165 /* Build configuration list for PBXProject "Itinerary_App" */ = {
			isa = XCConfigurationList;
			buildConfigurations = (
				189DEDBF244DF6B800791165 /* Debug */,
				189DEDC0244DF6B800791165 /* Release */,
			);
			defaultConfigurationIsVisible = 0;
			defaultConfigurationName = Release;
		};
		189DEDC1244DF6B800791165 /* Build configuration list for PBXNativeTarget "Itinerary_App" */ = {
			isa = XCConfigurationList;
			buildConfigurations = (
				189DEDC2244DF6B800791165 /* Debug */,
				189DEDC3244DF6B800791165 /* Release */,
			);
			defaultConfigurationIsVisible = 0;
			defaultConfigurationName = Release;
		};
/* End XCConfigurationList section */
	};
	rootObject = 189DEDA5244DF68C00791165 /* Project object */;
}
